// !$*UTF8*$!
{
	archiveVersion = 1;
	classes = {
	};
	objectVersion = 52;
	objects = {

/* Begin PBXBuildFile section */
		891375DF248EF2BC00FEDE32 /* AgileDB in Frameworks */ = {isa = PBXBuildFile; productRef = 891375DE248EF2BC00FEDE32 /* AgileDB */; };
		892471ED1D93EA4300E3C870 /* AppDelegate.swift in Sources */ = {isa = PBXBuildFile; fileRef = 892471EC1D93EA4300E3C870 /* AppDelegate.swift */; };
		892471EF1D93EA4300E3C870 /* MasterViewController.swift in Sources */ = {isa = PBXBuildFile; fileRef = 892471EE1D93EA4300E3C870 /* MasterViewController.swift */; };
		892471F11D93EA4300E3C870 /* DetailViewController.swift in Sources */ = {isa = PBXBuildFile; fileRef = 892471F01D93EA4300E3C870 /* DetailViewController.swift */; };
		892471F41D93EA4300E3C870 /* Main.storyboard in Resources */ = {isa = PBXBuildFile; fileRef = 892471F21D93EA4300E3C870 /* Main.storyboard */; };
		892471F61D93EA4300E3C870 /* Assets.xcassets in Resources */ = {isa = PBXBuildFile; fileRef = 892471F51D93EA4300E3C870 /* Assets.xcassets */; };
		892471F91D93EA4300E3C870 /* LaunchScreen.storyboard in Resources */ = {isa = PBXBuildFile; fileRef = 892471F71D93EA4300E3C870 /* LaunchScreen.storyboard */; };
/* End PBXBuildFile section */

/* Begin PBXFileReference section */
		892471E91D93EA4300E3C870 /* DBApp.app */ = {isa = PBXFileReference; explicitFileType = wrapper.application; includeInIndex = 0; path = DBApp.app; sourceTree = BUILT_PRODUCTS_DIR; };
		892471EC1D93EA4300E3C870 /* AppDelegate.swift */ = {isa = PBXFileReference; lastKnownFileType = sourcecode.swift; path = AppDelegate.swift; sourceTree = "<group>"; };
		892471EE1D93EA4300E3C870 /* MasterViewController.swift */ = {isa = PBXFileReference; lastKnownFileType = sourcecode.swift; path = MasterViewController.swift; sourceTree = "<group>"; };
		892471F01D93EA4300E3C870 /* DetailViewController.swift */ = {isa = PBXFileReference; lastKnownFileType = sourcecode.swift; path = DetailViewController.swift; sourceTree = "<group>"; };
		892471F31D93EA4300E3C870 /* Base */ = {isa = PBXFileReference; lastKnownFileType = file.storyboard; name = Base; path = Base.lproj/Main.storyboard; sourceTree = "<group>"; };
		892471F51D93EA4300E3C870 /* Assets.xcassets */ = {isa = PBXFileReference; lastKnownFileType = folder.assetcatalog; path = Assets.xcassets; sourceTree = "<group>"; };
		892471F81D93EA4300E3C870 /* Base */ = {isa = PBXFileReference; lastKnownFileType = file.storyboard; name = Base; path = Base.lproj/LaunchScreen.storyboard; sourceTree = "<group>"; };
		892471FA1D93EA4300E3C870 /* Info.plist */ = {isa = PBXFileReference; lastKnownFileType = text.plist.xml; path = Info.plist; sourceTree = "<group>"; };
/* End PBXFileReference section */

/* Begin PBXFrameworksBuildPhase section */
		892471E61D93EA4300E3C870 /* Frameworks */ = {
			isa = PBXFrameworksBuildPhase;
			buildActionMask = 2147483647;
			files = (
				891375DF248EF2BC00FEDE32 /* AgileDB in Frameworks */,
			);
			runOnlyForDeploymentPostprocessing = 0;
		};
/* End PBXFrameworksBuildPhase section */

/* Begin PBXGroup section */
		892471E01D93EA4300E3C870 = {
			isa = PBXGroup;
			children = (
				892471EB1D93EA4300E3C870 /* DBApp */,
				892471EA1D93EA4300E3C870 /* Products */,
			);
			sourceTree = "<group>";
		};
		892471EA1D93EA4300E3C870 /* Products */ = {
			isa = PBXGroup;
			children = (
				892471E91D93EA4300E3C870 /* DBApp.app */,
			);
			name = Products;
			sourceTree = "<group>";
		};
		892471EB1D93EA4300E3C870 /* DBApp */ = {
			isa = PBXGroup;
			children = (
				892471EC1D93EA4300E3C870 /* AppDelegate.swift */,
				892471EE1D93EA4300E3C870 /* MasterViewController.swift */,
				892471F01D93EA4300E3C870 /* DetailViewController.swift */,
				892471F21D93EA4300E3C870 /* Main.storyboard */,
				892471F51D93EA4300E3C870 /* Assets.xcassets */,
				892471F71D93EA4300E3C870 /* LaunchScreen.storyboard */,
				892471FA1D93EA4300E3C870 /* Info.plist */,
			);
			path = DBApp;
			sourceTree = "<group>";
		};
/* End PBXGroup section */

/* Begin PBXNativeTarget section */
		892471E81D93EA4300E3C870 /* DBApp */ = {
			isa = PBXNativeTarget;
			buildConfigurationList = 892471FD1D93EA4300E3C870 /* Build configuration list for PBXNativeTarget "DBApp" */;
			buildPhases = (
				892471E51D93EA4300E3C870 /* Sources */,
				892471E61D93EA4300E3C870 /* Frameworks */,
				892471E71D93EA4300E3C870 /* Resources */,
			);
			buildRules = (
			);
			dependencies = (
			);
			name = DBApp;
			packageProductDependencies = (
				891375DE248EF2BC00FEDE32 /* AgileDB */,
			);
			productName = DBApp;
			productReference = 892471E91D93EA4300E3C870 /* DBApp.app */;
			productType = "com.apple.product-type.application";
		};
/* End PBXNativeTarget section */

/* Begin PBXProject section */
		892471E11D93EA4300E3C870 /* Project object */ = {
			isa = PBXProject;
			attributes = {
				LastSwiftUpdateCheck = 0800;
				LastUpgradeCheck = 1140;
				ORGANIZATIONNAME = "Aaron Bratcher";
				TargetAttributes = {
					892471E81D93EA4300E3C870 = {
						CreatedOnToolsVersion = 8.0;
						DevelopmentTeam = BJL688BZ75;
						LastSwiftMigration = 1140;
						ProvisioningStyle = Automatic;
					};
				};
			};
			buildConfigurationList = 892471E41D93EA4300E3C870 /* Build configuration list for PBXProject "DBApp" */;
			compatibilityVersion = "Xcode 3.2";
			developmentRegion = en;
			hasScannedForEncodings = 0;
			knownRegions = (
				en,
				Base,
			);
			mainGroup = 892471E01D93EA4300E3C870;
			packageReferences = (
				891375DD248EF2BC00FEDE32 /* XCRemoteSwiftPackageReference "AgileDB" */,
			);
			productRefGroup = 892471EA1D93EA4300E3C870 /* Products */;
			projectDirPath = "";
			projectRoot = "";
			targets = (
				892471E81D93EA4300E3C870 /* DBApp */,
			);
		};
/* End PBXProject section */

/* Begin PBXResourcesBuildPhase section */
		892471E71D93EA4300E3C870 /* Resources */ = {
			isa = PBXResourcesBuildPhase;
			buildActionMask = 2147483647;
			files = (
				892471F91D93EA4300E3C870 /* LaunchScreen.storyboard in Resources */,
				892471F61D93EA4300E3C870 /* Assets.xcassets in Resources */,
				892471F41D93EA4300E3C870 /* Main.storyboard in Resources */,
			);
			runOnlyForDeploymentPostprocessing = 0;
		};
/* End PBXResourcesBuildPhase section */

/* Begin PBXSourcesBuildPhase section */
		892471E51D93EA4300E3C870 /* Sources */ = {
			isa = PBXSourcesBuildPhase;
			buildActionMask = 2147483647;
			files = (
				892471F11D93EA4300E3C870 /* DetailViewController.swift in Sources */,
				892471EF1D93EA4300E3C870 /* MasterViewController.swift in Sources */,
				892471ED1D93EA4300E3C870 /* AppDelegate.swift in Sources */,
			);
			runOnlyForDeploymentPostprocessing = 0;
		};
/* End PBXSourcesBuildPhase section */

/* Begin PBXVariantGroup section */
		892471F21D93EA4300E3C870 /* Main.storyboard */ = {
			isa = PBXVariantGroup;
			children = (
				892471F31D93EA4300E3C870 /* Base */,
			);
			name = Main.storyboard;
			sourceTree = "<group>";
		};
		892471F71D93EA4300E3C870 /* LaunchScreen.storyboard */ = {
			isa = PBXVariantGroup;
			children = (
				892471F81D93EA4300E3C870 /* Base */,
			);
			name = LaunchScreen.storyboard;
			sourceTree = "<group>";
		};
/* End PBXVariantGroup section */

/* Begin XCBuildConfiguration section */
		892471FB1D93EA4300E3C870 /* Debug */ = {
			isa = XCBuildConfiguration;
			buildSettings = {
				ALWAYS_SEARCH_USER_PATHS = NO;
				CLANG_ANALYZER_LOCALIZABILITY_NONLOCALIZED = YES;
				CLANG_ANALYZER_NONNULL = YES;
				CLANG_CXX_LANGUAGE_STANDARD = "gnu++0x";
				CLANG_CXX_LIBRARY = "libc++";
				CLANG_ENABLE_MODULES = YES;
				CLANG_ENABLE_OBJC_ARC = YES;
				CLANG_WARN_BLOCK_CAPTURE_AUTORELEASING = YES;
				CLANG_WARN_BOOL_CONVERSION = YES;
				CLANG_WARN_COMMA = YES;
				CLANG_WARN_CONSTANT_CONVERSION = YES;
				CLANG_WARN_DEPRECATED_OBJC_IMPLEMENTATIONS = YES;
				CLANG_WARN_DIRECT_OBJC_ISA_USAGE = YES_ERROR;
				CLANG_WARN_DOCUMENTATION_COMMENTS = YES;
				CLANG_WARN_EMPTY_BODY = YES;
				CLANG_WARN_ENUM_CONVERSION = YES;
				CLANG_WARN_INFINITE_RECURSION = YES;
				CLANG_WARN_INT_CONVERSION = YES;
				CLANG_WARN_NON_LITERAL_NULL_CONVERSION = YES;
				CLANG_WARN_OBJC_IMPLICIT_RETAIN_SELF = YES;
				CLANG_WARN_OBJC_LITERAL_CONVERSION = YES;
				CLANG_WARN_OBJC_ROOT_CLASS = YES_ERROR;
				CLANG_WARN_RANGE_LOOP_ANALYSIS = YES;
				CLANG_WARN_STRICT_PROTOTYPES = YES;
				CLANG_WARN_SUSPICIOUS_MOVE = YES;
				CLANG_WARN_SUSPICIOUS_MOVES = YES;
				CLANG_WARN_UNREACHABLE_CODE = YES;
				CLANG_WARN__DUPLICATE_METHOD_MATCH = YES;
				"CODE_SIGN_IDENTITY[sdk=iphoneos*]" = "iPhone Developer";
				COPY_PHASE_STRIP = NO;
				DEBUG_INFORMATION_FORMAT = dwarf;
				ENABLE_STRICT_OBJC_MSGSEND = YES;
				ENABLE_TESTABILITY = YES;
				GCC_C_LANGUAGE_STANDARD = gnu99;
				GCC_DYNAMIC_NO_PIC = NO;
				GCC_NO_COMMON_BLOCKS = YES;
				GCC_OPTIMIZATION_LEVEL = 0;
				GCC_PREPROCESSOR_DEFINITIONS = (
					"DEBUG=1",
					"$(inherited)",
				);
				GCC_WARN_64_TO_32_BIT_CONVERSION = YES;
				GCC_WARN_ABOUT_RETURN_TYPE = YES_ERROR;
				GCC_WARN_UNDECLARED_SELECTOR = YES;
				GCC_WARN_UNINITIALIZED_AUTOS = YES_AGGRESSIVE;
				GCC_WARN_UNUSED_FUNCTION = YES;
				GCC_WARN_UNUSED_VARIABLE = YES;
				IPHONEOS_DEPLOYMENT_TARGET = 13.0;
				MTL_ENABLE_DEBUG_INFO = YES;
				ONLY_ACTIVE_ARCH = YES;
				SDKROOT = iphoneos;
				SWIFT_ACTIVE_COMPILATION_CONDITIONS = DEBUG;
				SWIFT_OPTIMIZATION_LEVEL = "-Onone";
				TARGETED_DEVICE_FAMILY = "1,2";
			};
			name = Debug;
		};
		892471FC1D93EA4300E3C870 /* Release */ = {
			isa = XCBuildConfiguration;
			buildSettings = {
				ALWAYS_SEARCH_USER_PATHS = NO;
				CLANG_ANALYZER_LOCALIZABILITY_NONLOCALIZED = YES;
				CLANG_ANALYZER_NONNULL = YES;
				CLANG_CXX_LANGUAGE_STANDARD = "gnu++0x";
				CLANG_CXX_LIBRARY = "libc++";
				CLANG_ENABLE_MODULES = YES;
				CLANG_ENABLE_OBJC_ARC = YES;
				CLANG_WARN_BLOCK_CAPTURE_AUTORELEASING = YES;
				CLANG_WARN_BOOL_CONVERSION = YES;
				CLANG_WARN_COMMA = YES;
				CLANG_WARN_CONSTANT_CONVERSION = YES;
				CLANG_WARN_DEPRECATED_OBJC_IMPLEMENTATIONS = YES;
				CLANG_WARN_DIRECT_OBJC_ISA_USAGE = YES_ERROR;
				CLANG_WARN_DOCUMENTATION_COMMENTS = YES;
				CLANG_WARN_EMPTY_BODY = YES;
				CLANG_WARN_ENUM_CONVERSION = YES;
				CLANG_WARN_INFINITE_RECURSION = YES;
				CLANG_WARN_INT_CONVERSION = YES;
				CLANG_WARN_NON_LITERAL_NULL_CONVERSION = YES;
				CLANG_WARN_OBJC_IMPLICIT_RETAIN_SELF = YES;
				CLANG_WARN_OBJC_LITERAL_CONVERSION = YES;
				CLANG_WARN_OBJC_ROOT_CLASS = YES_ERROR;
				CLANG_WARN_RANGE_LOOP_ANALYSIS = YES;
				CLANG_WARN_STRICT_PROTOTYPES = YES;
				CLANG_WARN_SUSPICIOUS_MOVE = YES;
				CLANG_WARN_SUSPICIOUS_MOVES = YES;
				CLANG_WARN_UNREACHABLE_CODE = YES;
				CLANG_WARN__DUPLICATE_METHOD_MATCH = YES;
				"CODE_SIGN_IDENTITY[sdk=iphoneos*]" = "iPhone Developer";
				COPY_PHASE_STRIP = NO;
				DEBUG_INFORMATION_FORMAT = "dwarf-with-dsym";
				ENABLE_NS_ASSERTIONS = NO;
				ENABLE_STRICT_OBJC_MSGSEND = YES;
				GCC_C_LANGUAGE_STANDARD = gnu99;
				GCC_NO_COMMON_BLOCKS = YES;
				GCC_WARN_64_TO_32_BIT_CONVERSION = YES;
				GCC_WARN_ABOUT_RETURN_TYPE = YES_ERROR;
				GCC_WARN_UNDECLARED_SELECTOR = YES;
				GCC_WARN_UNINITIALIZED_AUTOS = YES_AGGRESSIVE;
				GCC_WARN_UNUSED_FUNCTION = YES;
				GCC_WARN_UNUSED_VARIABLE = YES;
				IPHONEOS_DEPLOYMENT_TARGET = 13.0;
				MTL_ENABLE_DEBUG_INFO = NO;
				SDKROOT = iphoneos;
				SWIFT_COMPILATION_MODE = wholemodule;
				SWIFT_OPTIMIZATION_LEVEL = "-O";
				TARGETED_DEVICE_FAMILY = "1,2";
				VALIDATE_PRODUCT = YES;
			};
			name = Release;
		};
		892471FE1D93EA4300E3C870 /* Debug */ = {
			isa = XCBuildConfiguration;
			buildSettings = {
				ASSETCATALOG_COMPILER_APPICON_NAME = AppIcon;
				DEVELOPMENT_TEAM = BJL688BZ75;
				INFOPLIST_FILE = DBApp/Info.plist;
				LD_RUNPATH_SEARCH_PATHS = (
					"$(inherited)",
					"@executable_path/Frameworks",
				);
				PRODUCT_BUNDLE_IDENTIFIER = com.AaronLBratcher.DBApp;
				PRODUCT_NAME = "$(TARGET_NAME)";
				SWIFT_VERSION = 5.0;
			};
			name = Debug;
		};
		892471FF1D93EA4300E3C870 /* Release */ = {
			isa = XCBuildConfiguration;
			buildSettings = {
				ASSETCATALOG_COMPILER_APPICON_NAME = AppIcon;
				DEVELOPMENT_TEAM = BJL688BZ75;
				INFOPLIST_FILE = DBApp/Info.plist;
				LD_RUNPATH_SEARCH_PATHS = (
					"$(inherited)",
					"@executable_path/Frameworks",
				);
				PRODUCT_BUNDLE_IDENTIFIER = com.AaronLBratcher.DBApp;
				PRODUCT_NAME = "$(TARGET_NAME)";
				SWIFT_VERSION = 5.0;
			};
			name = Release;
		};
/* End XCBuildConfiguration section */

/* Begin XCConfigurationList section */
		892471E41D93EA4300E3C870 /* Build configuration list for PBXProject "DBApp" */ = {
			isa = XCConfigurationList;
			buildConfigurations = (
				892471FB1D93EA4300E3C870 /* Debug */,
				892471FC1D93EA4300E3C870 /* Release */,
			);
			defaultConfigurationIsVisible = 0;
			defaultConfigurationName = Release;
		};
		892471FD1D93EA4300E3C870 /* Build configuration list for PBXNativeTarget "DBApp" */ = {
			isa = XCConfigurationList;
			buildConfigurations = (
				892471FE1D93EA4300E3C870 /* Debug */,
				892471FF1D93EA4300E3C870 /* Release */,
			);
			defaultConfigurationIsVisible = 0;
			defaultConfigurationName = Release;
		};
/* End XCConfigurationList section */

/* Begin XCRemoteSwiftPackageReference section */
		891375DD248EF2BC00FEDE32 /* XCRemoteSwiftPackageReference "AgileDB" */ = {
			isa = XCRemoteSwiftPackageReference;
			repositoryURL = "https://github.com/AaronBratcher/AgileDB";
			requirement = {
				kind = upToNextMajorVersion;
				minimumVersion = 6.0.0;
			};
		};
/* End XCRemoteSwiftPackageReference section */

/* Begin XCSwiftPackageProductDependency section */
		891375DE248EF2BC00FEDE32 /* AgileDB */ = {
			isa = XCSwiftPackageProductDependency;
			package = 891375DD248EF2BC00FEDE32 /* XCRemoteSwiftPackageReference "AgileDB" */;
			productName = AgileDB;
		};
/* End XCSwiftPackageProductDependency section */
	};
	rootObject = 892471E11D93EA4300E3C870 /* Project object */;
}
